Microsoft Visual Studio Solution File, Format Version 12.00
# Visual Studio Version 17
VisualStudioVersion = 17.5.2.0
MinimumVisualStudioVersion = 10.0.40219.1
Project("{FAE04EC0-301F-11D3-BF4B-00C04F79EFBC}") = "Kara-OK.Web", "Kara-OK.Web\Kara-OK.Web.csproj", "{83DE10C4-DF1A-DD44-2699-25B83A09E8CD}"
EndProject
Global
	GlobalSection(SolutionConfigurationPlatforms) = preSolution
		Debug|Any CPU = Debug|Any CPU
		Release|Any CPU = Release|Any CPU
	EndGlobalSection
	GlobalSection(ProjectConfigurationPlatforms) = postSolution
		{83DE10C4-DF1A-DD44-2699-25B83A09E8CD}.Debug|Any CPU.ActiveCfg = Debug|Any CPU
		{83DE10C4-DF1A-DD44-2699-25B83A09E8CD}.Debug|Any CPU.Build.0 = Debug|Any CPU
		{83DE10C4-DF1A-DD44-2699-25B83A09E8CD}.Release|Any CPU.ActiveCfg = Release|Any CPU
		{83DE10C4-DF1A-DD44-2699-25B83A09E8CD}.Release|Any CPU.Build.0 = Release|Any CPU
	EndGlobalSection
	GlobalSection(SolutionProperties) = preSolution
		HideSolutionNode = FALSE
	EndGlobalSection
	GlobalSection(ExtensibilityGlobals) = postSolution
		SolutionGuid = {3048B110-F3E2-4777-A86E-8F24E995D5C7}
	EndGlobalSection
EndGlobal
